{
  "name": "miniprogram",
  "version": "1.0.0",
  "lockfileVersion": 1,
  "requires": true,
  "dependencies": {
    "miniapp-color-thief": {
      "version": "1.0.5",
      "resolved": "https://registry.npm.taobao.org/miniapp-color-thief/download/miniapp-color-thief-1.0.5.tgz",
      "integrity": "sha1-CdeHKwTUHIERDK9FbfVAOuOZ7iw=",
      "requires": {
        "quantize": "^1.0.2"
      }
    },
    "quantize": {
      "version": "1.0.2",
      "resolved": "https://registry.npm.taobao.org/quantize/download/quantize-1.0.2.tgz",
      "integrity": "sha1-0lrCAKd7bXD0ASfKFxoQ4zyFRt4="
    }
  }
}
